<?xml version="1.0" encoding="utf-8"?>
<Project ToolsVersion="4.0" xmlns="http://schemas.microsoft.com/developer/msbuild/2003">
  <ItemGroup>
    <Filter Include="Source Files">
      <UniqueIdentifier>{4FC737F1-C7A5-4376-A066-2A32D752A2FF}</UniqueIdentifier>
      <Extensions>cpp;c;cc;cxx;def;odl;idl;hpj;bat;asm;asmx</Extensions>
    </Filter>
    <Filter Include="Header Files">
      <UniqueIdentifier>{93995380-89BD-4b04-88EB-625FBE52EBFB}</UniqueIdentifier>
      <Extensions>h;hh;hpp;hxx;hm;inl;inc;xsd</Extensions>
    </Filter>
    <Filter Include="Resource Files">
      <UniqueIdentifier>{67DA6AB6-F800-4c08-8B7A-83BB121AAD01}</UniqueIdentifier>
      <Extensions>rc;ico;cur;bmp;dlg;rc2;rct;bin;rgs;gif;jpg;jpeg;jpe;resx;tiff;tif;png;wav</Extensions>
    </Filter>
  </ItemGroup>
  <ItemGroup>
    <ClCompile Include="main.cpp">
      <Filter>Source Files</Filter>
    </ClCompile>
    <ClCompile Include="stdafx.cpp">
      <Filter>Source Files</Filter>
    </ClCompile>
    <ClCompile Include="algorithm\BFS.cpp">
      <Filter>Source Files</Filter>
    </ClCompile>
    <ClCompile Include="algorithm\GraphUtils.cpp">
      <Filter>Source Files</Filter>
    </ClCompile>
    <ClCompile Include="algorithm\unittests\UnitTest_BFS.cpp">
      <Filter>Source Files</Filter>
    </ClCompile>
    <ClCompile Include="algorithm\unittests\UnitTest_GraphUtils.cpp">
      <Filter>Source Files</Filter>
    </ClCompile>
    <ClCompile Include="sdk\Graph.cpp">
      <Filter>Source Files</Filter>
    </ClCompile>
    <ClCompile Include="sdk\Tree.cpp">
      <Filter>Source Files</Filter>
    </ClCompile>
    <ClCompile Include="utilities\DebugPrint.cpp">
      <Filter>Source Files</Filter>
    </ClCompile>
    <ClCompile Include="utilities\Permutation.cpp">
      <Filter>Source Files</Filter>
    </ClCompile>
    <ClCompile Include="utilities\unittests\UnitTest_Permutation.cpp">
      <Filter>Source Files</Filter>
    </ClCompile>
    <ClCompile Include="utilities\utfacility\UnitTest.cpp">
      <Filter>Source Files</Filter>
    </ClCompile>
    <ClCompile Include="utilities\utfacility\UnitTestHelpers.cpp">
      <Filter>Source Files</Filter>
    </ClCompile>
    <ClCompile Include="utilities\utfacility\UnitTestsRegistrator.cpp">
      <Filter>Source Files</Filter>
    </ClCompile>
    <ClCompile Include="_Tasks\DiOfRaTr.cpp">
      <Filter>Source Files</Filter>
    </ClCompile>
    <ClCompile Include="_Tasks\ReOfThSi.cpp">
      <Filter>Source Files</Filter>
    </ClCompile>
    <ClCompile Include="_Tasks\PaliPath.cpp">
      <Filter>Source Files</Filter>
    </ClCompile>
    <ClCompile Include="SDK\Teli\RbTree.cpp">
      <Filter>Source Files</Filter>
    </ClCompile>
    <ClCompile Include="SDK\Teli\UnitTests\UnitTest_RbTree.cpp">
      <Filter>Source Files</Filter>
    </ClCompile>
    <ClCompile Include="SDK\Types\Point.cpp">
      <Filter>Source Files</Filter>
    </ClCompile>
    <ClCompile Include="SDK\Types\UnitTests\UnitTest_Point.cpp">
      <Filter>Source Files</Filter>
    </ClCompile>
    <ClCompile Include="Algorithm\ConvexHull.cpp">
      <Filter>Source Files</Filter>
    </ClCompile>
    <ClCompile Include="Algorithm\UnitTests\UnitTest_ConvexHull.cpp">
      <Filter>Source Files</Filter>
    </ClCompile>
    <ClCompile Include="_Tasks\AttackOfTheClones.cpp">
      <Filter>Source Files</Filter>
    </ClCompile>
    <ClCompile Include="_Tasks\MaxDonats.cpp">
      <Filter>Source Files</Filter>
    </ClCompile>
    <ClCompile Include="_Tasks\MappinABC.cpp">
      <Filter>Source Files</Filter>
    </ClCompile>
  </ItemGroup>
  <ItemGroup>
    <ClInclude Include="stdafx.h">
      <Filter>Header Files</Filter>
    </ClInclude>
    <ClInclude Include="algorithm\BFS.h">
      <Filter>Header Files</Filter>
    </ClInclude>
    <ClInclude Include="algorithm\GraphUtils.h">
      <Filter>Header Files</Filter>
    </ClInclude>
    <ClInclude Include="algorithm\unittests\UnitTest_BFS.h">
      <Filter>Header Files</Filter>
    </ClInclude>
    <ClInclude Include="algorithm\unittests\UnitTest_GraphUtils.h">
      <Filter>Header Files</Filter>
    </ClInclude>
    <ClInclude Include="sdk\Graph.h">
      <Filter>Header Files</Filter>
    </ClInclude>
    <ClInclude Include="sdk\Tree.h">
      <Filter>Header Files</Filter>
    </ClInclude>
    <ClInclude Include="utilities\DebugPrint.h">
      <Filter>Header Files</Filter>
    </ClInclude>
    <ClInclude Include="utilities\Permutation.h">
      <Filter>Header Files</Filter>
    </ClInclude>
    <ClInclude Include="utilities\unittests\UnitTest_Permutation.h">
      <Filter>Header Files</Filter>
    </ClInclude>
    <ClInclude Include="utilities\utfacility\UnitTest.h">
      <Filter>Header Files</Filter>
    </ClInclude>
    <ClInclude Include="utilities\utfacility\UnitTestHelpers.h">
      <Filter>Header Files</Filter>
    </ClInclude>
    <ClInclude Include="utilities\utfacility\UnitTestsRegistrator.h">
      <Filter>Header Files</Filter>
    </ClInclude>
    <ClInclude Include="_Tasks\DiOfRaTr.h">
      <Filter>Header Files</Filter>
    </ClInclude>
    <ClInclude Include="_Tasks\ReOfThSi.h">
      <Filter>Header Files</Filter>
    </ClInclude>
    <ClInclude Include="_Tasks\PaliPath.h">
      <Filter>Header Files</Filter>
    </ClInclude>
    <ClInclude Include="Utilities\Hash.h">
      <Filter>Header Files</Filter>
    </ClInclude>
    <ClInclude Include="SDK\Teli\ContainerUtility.h">
      <Filter>Header Files</Filter>
    </ClInclude>
    <ClInclude Include="SDK\Teli\RbTree.h">
      <Filter>Header Files</Filter>
    </ClInclude>
    <ClInclude Include="SDK\Teli\UnitTests\UnitTest_RbTree.h">
      <Filter>Header Files</Filter>
    </ClInclude>
    <ClInclude Include="SDK\Types\Point.h">
      <Filter>Header Files</Filter>
    </ClInclude>
    <ClInclude Include="SDK\Types\UnitTests\UnitTest_Point.h">
      <Filter>Header Files</Filter>
    </ClInclude>
    <ClInclude Include="Algorithm\ConvexHull.h">
      <Filter>Header Files</Filter>
    </ClInclude>
    <ClInclude Include="Algorithm\UnitTests\UnitTest_ConvexHull.h">
      <Filter>Header Files</Filter>
    </ClInclude>
    <ClInclude Include="Utilities\UtFacility\Ostream\PointOstream.h">
      <Filter>Header Files</Filter>
    </ClInclude>
    <ClInclude Include="SDK\Core\Floating.h">
      <Filter>Header Files</Filter>
    </ClInclude>
    <ClInclude Include="SDK\Core\Container.h">
      <Filter>Header Files</Filter>
    </ClInclude>
    <ClInclude Include="_Tasks\AttackOfTheClones.h">
      <Filter>Header Files</Filter>
    </ClInclude>
    <ClInclude Include="_Tasks\MaxDonats.h">
      <Filter>Header Files</Filter>
    </ClInclude>
    <ClInclude Include="_Tasks\MappinABC.h">
      <Filter>Header Files</Filter>
    </ClInclude>
  </ItemGroup>
</Project>